
Microsoft Visual Studio Solution File, Format Version 12.00
# Visual Studio 15
Project("{FAE04EC0-301F-11D3-BF4B-00C04F79EFBC}") = "Unity.AI.Navigation.Samples", "Unity.AI.Navigation.Samples.csproj", "{CDC28D96-164A-5793-9A0E-C6A7FEF3B626}"
EndProject
Project("{FAE04EC0-301F-11D3-BF4B-00C04F79EFBC}") = "Assembly-CSharp", "Assembly-CSharp.csproj", "{1A9216E9-738D-E3A8-49EA-72185133DDB9}"
EndProject
Project("{FAE04EC0-301F-11D3-BF4B-00C04F79EFBC}") = "Unity.AI.Navigation.Samples.Initialization.Editor", "Unity.AI.Navigation.Samples.Initialization.Editor.csproj", "{5BD474B7-BAFC-E346-2E2F-A1B5349CF644}"
EndProject
Global
	GlobalSection(SolutionConfigurationPlatforms) = preSolution
		Debug|Any CPU = Debug|Any CPU
		Release|Any CPU = Release|Any CPU
	EndGlobalSection
	GlobalSection(ProjectConfigurationPlatforms) = postSolution
		{CDC28D96-164A-5793-9A0E-C6A7FEF3B626}.Debug|Any CPU.ActiveCfg = Debug|Any CPU
		{CDC28D96-164A-5793-9A0E-C6A7FEF3B626}.Debug|Any CPU.Build.0 = Debug|Any CPU
		{CDC28D96-164A-5793-9A0E-C6A7FEF3B626}.Release|Any CPU.ActiveCfg = Release|Any CPU
		{CDC28D96-164A-5793-9A0E-C6A7FEF3B626}.Release|Any CPU.Build.0 = Release|Any CPU
		{1A9216E9-738D-E3A8-49EA-72185133DDB9}.Debug|Any CPU.ActiveCfg = Debug|Any CPU
		{1A9216E9-738D-E3A8-49EA-72185133DDB9}.Debug|Any CPU.Build.0 = Debug|Any CPU
		{1A9216E9-738D-E3A8-49EA-72185133DDB9}.Release|Any CPU.ActiveCfg = Release|Any CPU
		{1A9216E9-738D-E3A8-49EA-72185133DDB9}.Release|Any CPU.Build.0 = Release|Any CPU
		{5BD474B7-BAFC-E346-2E2F-A1B5349CF644}.Debug|Any CPU.ActiveCfg = Debug|Any CPU
		{5BD474B7-BAFC-E346-2E2F-A1B5349CF644}.Debug|Any CPU.Build.0 = Debug|Any CPU
		{5BD474B7-BAFC-E346-2E2F-A1B5349CF644}.Release|Any CPU.ActiveCfg = Release|Any CPU
		{5BD474B7-BAFC-E346-2E2F-A1B5349CF644}.Release|Any CPU.Build.0 = Release|Any CPU
	EndGlobalSection
	GlobalSection(SolutionProperties) = preSolution
		HideSolutionNode = FALSE
	EndGlobalSection
EndGlobal
